
Microsoft Visual Studio Solution File, Format Version 12.00
# Visual Studio Version 17
VisualStudioVersion = 17.3.32922.545
MinimumVisualStudioVersion = 10.0.40219.1
Project("{FAE04EC0-301F-11D3-BF4B-00C04F79EFBC}") = "DotnetWebAPI", "DotnetWebAPI\DotnetWebAPI.csproj", "{35081207-07AD-43C3-BDBB-7AA8BE111852}"
EndProject
Global
	GlobalSection(SolutionConfigurationPlatforms) = preSolution
		Debug|Any CPU = Debug|Any CPU
		Release|Any CPU = Release|Any CPU
	EndGlobalSection
	GlobalSection(ProjectConfigurationPlatforms) = postSolution
		{35081207-07AD-43C3-BDBB-7AA8BE111852}.Debug|Any CPU.ActiveCfg = Debug|Any CPU
		{35081207-07AD-43C3-BDBB-7AA8BE111852}.Debug|Any CPU.Build.0 = Debug|Any CPU
		{35081207-07AD-43C3-BDBB-7AA8BE111852}.Release|Any CPU.ActiveCfg = Release|Any CPU
		{35081207-07AD-43C3-BDBB-7AA8BE111852}.Release|Any CPU.Build.0 = Release|Any CPU
	EndGlobalSection
	GlobalSection(SolutionProperties) = preSolution
		HideSolutionNode = FALSE
	EndGlobalSection
	GlobalSection(ExtensibilityGlobals) = postSolution
		SolutionGuid = {8C27E17A-645C-4F7C-B57B-43EBDF5A7DA0}
	EndGlobalSection
EndGlobal
